
Microsoft Visual Studio Solution File, Format Version 12.00
# Visual Studio Version 16
VisualStudioVersion = 16.0.31911.196
MinimumVisualStudioVersion = 10.0.40219.1
Project("{8BC9CEB8-8B4A-11D0-8D11-00A0C91BC942}") = "WriteRead", "WriteRead.vcxproj", "{32FAA600-3937-42BA-B6CD-6EC7076CBAD9}"
EndProject
Project("{8BC9CEB8-8B4A-11D0-8D11-00A0C91BC942}") = "Dll1", "..\Dll1\Dll1.vcxproj", "{028D5E19-B3B0-4A16-9F91-CC61F46425CA}"
EndProject
Project("{8BC9CEB8-8B4A-11D0-8D11-00A0C91BC942}") = "DriverLoader", "..\DriverLoader\DriverLoader.vcxproj", "{1880E56A-A66E-4CB9-81D6-9445F203C3E7}"
EndProject
Global
	GlobalSection(SolutionConfigurationPlatforms) = preSolution
		Debug|ARM = Debug|ARM
		Debug|ARM64 = Debug|ARM64
		Debug|x64 = Debug|x64
		Debug|x86 = Debug|x86
		Release|ARM = Release|ARM
		Release|ARM64 = Release|ARM64
		Release|x64 = Release|x64
		Release|x86 = Release|x86
	EndGlobalSection
	GlobalSection(ProjectConfigurationPlatforms) = postSolution
		{32FAA600-3937-42BA-B6CD-6EC7076CBAD9}.Debug|ARM.ActiveCfg = Debug|ARM
		{32FAA600-3937-42BA-B6CD-6EC7076CBAD9}.Debug|ARM.Build.0 = Debug|ARM
		{32FAA600-3937-42BA-B6CD-6EC7076CBAD9}.Debug|ARM.Deploy.0 = Debug|ARM
		{32FAA600-3937-42BA-B6CD-6EC7076CBAD9}.Debug|ARM64.ActiveCfg = Debug|ARM64
		{32FAA600-3937-42BA-B6CD-6EC7076CBAD9}.Debug|ARM64.Build.0 = Debug|ARM64
		{32FAA600-3937-42BA-B6CD-6EC7076CBAD9}.Debug|ARM64.Deploy.0 = Debug|ARM64
		{32FAA600-3937-42BA-B6CD-6EC7076CBAD9}.Debug|x64.ActiveCfg = Debug|x64
		{32FAA600-3937-42BA-B6CD-6EC7076CBAD9}.Debug|x64.Build.0 = Debug|x64
		{32FAA600-3937-42BA-B6CD-6EC7076CBAD9}.Debug|x64.Deploy.0 = Debug|x64
		{32FAA600-3937-42BA-B6CD-6EC7076CBAD9}.Debug|x86.ActiveCfg = Debug|Win32
		{32FAA600-3937-42BA-B6CD-6EC7076CBAD9}.Debug|x86.Build.0 = Debug|Win32
		{32FAA600-3937-42BA-B6CD-6EC7076CBAD9}.Debug|x86.Deploy.0 = Debug|Win32
		{32FAA600-3937-42BA-B6CD-6EC7076CBAD9}.Release|ARM.ActiveCfg = Release|ARM
		{32FAA600-3937-42BA-B6CD-6EC7076CBAD9}.Release|ARM.Build.0 = Release|ARM
		{32FAA600-3937-42BA-B6CD-6EC7076CBAD9}.Release|ARM.Deploy.0 = Release|ARM
		{32FAA600-3937-42BA-B6CD-6EC7076CBAD9}.Release|ARM64.ActiveCfg = Release|ARM64
		{32FAA600-3937-42BA-B6CD-6EC7076CBAD9}.Release|ARM64.Build.0 = Release|ARM64
		{32FAA600-3937-42BA-B6CD-6EC7076CBAD9}.Release|ARM64.Deploy.0 = Release|ARM64
		{32FAA600-3937-42BA-B6CD-6EC7076CBAD9}.Release|x64.ActiveCfg = Release|x64
		{32FAA600-3937-42BA-B6CD-6EC7076CBAD9}.Release|x64.Build.0 = Release|x64
		{32FAA600-3937-42BA-B6CD-6EC7076CBAD9}.Release|x64.Deploy.0 = Release|x64
		{32FAA600-3937-42BA-B6CD-6EC7076CBAD9}.Release|x86.ActiveCfg = Release|Win32
		{32FAA600-3937-42BA-B6CD-6EC7076CBAD9}.Release|x86.Build.0 = Release|Win32
		{32FAA600-3937-42BA-B6CD-6EC7076CBAD9}.Release|x86.Deploy.0 = Release|Win32
		{028D5E19-B3B0-4A16-9F91-CC61F46425CA}.Debug|ARM.ActiveCfg = Debug|Win32
		{028D5E19-B3B0-4A16-9F91-CC61F46425CA}.Debug|ARM64.ActiveCfg = Debug|Win32
		{028D5E19-B3B0-4A16-9F91-CC61F46425CA}.Debug|x64.ActiveCfg = Debug|x64
		{028D5E19-B3B0-4A16-9F91-CC61F46425CA}.Debug|x64.Build.0 = Debug|x64
		{028D5E19-B3B0-4A16-9F91-CC61F46425CA}.Debug|x86.ActiveCfg = Debug|Win32
		{028D5E19-B3B0-4A16-9F91-CC61F46425CA}.Debug|x86.Build.0 = Debug|Win32
		{028D5E19-B3B0-4A16-9F91-CC61F46425CA}.Release|ARM.ActiveCfg = Release|Win32
		{028D5E19-B3B0-4A16-9F91-CC61F46425CA}.Release|ARM64.ActiveCfg = Release|Win32
		{028D5E19-B3B0-4A16-9F91-CC61F46425CA}.Release|x64.ActiveCfg = Debug|x64
		{028D5E19-B3B0-4A16-9F91-CC61F46425CA}.Release|x64.Build.0 = Debug|x64
		{028D5E19-B3B0-4A16-9F91-CC61F46425CA}.Release|x86.ActiveCfg = Release|Win32
		{028D5E19-B3B0-4A16-9F91-CC61F46425CA}.Release|x86.Build.0 = Release|Win32
		{1880E56A-A66E-4CB9-81D6-9445F203C3E7}.Debug|ARM.ActiveCfg = Debug|ARM
		{1880E56A-A66E-4CB9-81D6-9445F203C3E7}.Debug|ARM.Build.0 = Debug|ARM
		{1880E56A-A66E-4CB9-81D6-9445F203C3E7}.Debug|ARM.Deploy.0 = Debug|ARM
		{1880E56A-A66E-4CB9-81D6-9445F203C3E7}.Debug|ARM64.ActiveCfg = Debug|ARM64
		{1880E56A-A66E-4CB9-81D6-9445F203C3E7}.Debug|ARM64.Build.0 = Debug|ARM64
		{1880E56A-A66E-4CB9-81D6-9445F203C3E7}.Debug|ARM64.Deploy.0 = Debug|ARM64
		{1880E56A-A66E-4CB9-81D6-9445F203C3E7}.Debug|x64.ActiveCfg = Debug|x64
		{1880E56A-A66E-4CB9-81D6-9445F203C3E7}.Debug|x64.Build.0 = Debug|x64
		{1880E56A-A66E-4CB9-81D6-9445F203C3E7}.Debug|x64.Deploy.0 = Debug|x64
		{1880E56A-A66E-4CB9-81D6-9445F203C3E7}.Debug|x86.ActiveCfg = Debug|Win32
		{1880E56A-A66E-4CB9-81D6-9445F203C3E7}.Debug|x86.Build.0 = Debug|Win32
		{1880E56A-A66E-4CB9-81D6-9445F203C3E7}.Debug|x86.Deploy.0 = Debug|Win32
		{1880E56A-A66E-4CB9-81D6-9445F203C3E7}.Release|ARM.ActiveCfg = Release|ARM
		{1880E56A-A66E-4CB9-81D6-9445F203C3E7}.Release|ARM.Build.0 = Release|ARM
		{1880E56A-A66E-4CB9-81D6-9445F203C3E7}.Release|ARM.Deploy.0 = Release|ARM
		{1880E56A-A66E-4CB9-81D6-9445F203C3E7}.Release|ARM64.ActiveCfg = Release|ARM64
		{1880E56A-A66E-4CB9-81D6-9445F203C3E7}.Release|ARM64.Build.0 = Release|ARM64
		{1880E56A-A66E-4CB9-81D6-9445F203C3E7}.Release|ARM64.Deploy.0 = Release|ARM64
		{1880E56A-A66E-4CB9-81D6-9445F203C3E7}.Release|x64.ActiveCfg = Release|x64
		{1880E56A-A66E-4CB9-81D6-9445F203C3E7}.Release|x64.Build.0 = Release|x64
		{1880E56A-A66E-4CB9-81D6-9445F203C3E7}.Release|x64.Deploy.0 = Release|x64
		{1880E56A-A66E-4CB9-81D6-9445F203C3E7}.Release|x86.ActiveCfg = Release|Win32
		{1880E56A-A66E-4CB9-81D6-9445F203C3E7}.Release|x86.Build.0 = Release|Win32
		{1880E56A-A66E-4CB9-81D6-9445F203C3E7}.Release|x86.Deploy.0 = Release|Win32
	EndGlobalSection
	GlobalSection(SolutionProperties) = preSolution
		HideSolutionNode = FALSE
	EndGlobalSection
	GlobalSection(ExtensibilityGlobals) = postSolution
		SolutionGuid = {ED911211-3E92-41C5-AF8D-95E0D9DDD833}
	EndGlobalSection
EndGlobal
